
Microsoft Visual Studio Solution File, Format Version 12.00
# Visual Studio Version 17
VisualStudioVersion = 17.8.34330.188
MinimumVisualStudioVersion = 10.0.40219.1
Project("{FAE04EC0-301F-11D3-BF4B-00C04F79EFBC}") = "Dinamikdizi", "Dinamikdizi\Dinamikdizi.csproj", "{206051DD-9681-43EE-8A4B-B6D89E694B50}"
EndProject
Global
	GlobalSection(SolutionConfigurationPlatforms) = preSolution
		Debug|Any CPU = Debug|Any CPU
		Release|Any CPU = Release|Any CPU
	EndGlobalSection
	GlobalSection(ProjectConfigurationPlatforms) = postSolution
		{206051DD-9681-43EE-8A4B-B6D89E694B50}.Debug|Any CPU.ActiveCfg = Debug|Any CPU
		{206051DD-9681-43EE-8A4B-B6D89E694B50}.Debug|Any CPU.Build.0 = Debug|Any CPU
		{206051DD-9681-43EE-8A4B-B6D89E694B50}.Release|Any CPU.ActiveCfg = Release|Any CPU
		{206051DD-9681-43EE-8A4B-B6D89E694B50}.Release|Any CPU.Build.0 = Release|Any CPU
	EndGlobalSection
	GlobalSection(SolutionProperties) = preSolution
		HideSolutionNode = FALSE
	EndGlobalSection
	GlobalSection(ExtensibilityGlobals) = postSolution
		SolutionGuid = {A771BEEB-A544-402A-B483-E119324A5714}
	EndGlobalSection
EndGlobal
