
Microsoft Visual Studio Solution File, Format Version 12.00
# Visual Studio Version 17
VisualStudioVersion = 17.8.34330.188
MinimumVisualStudioVersion = 10.0.40219.1
Project("{FAE04EC0-301F-11D3-BF4B-00C04F79EFBC}") = "Max_Sub_Array", "Max_Sub_Array\Max_Sub_Array.csproj", "{428714E2-18E3-405A-A49C-74E0E443525D}"
EndProject
Global
	GlobalSection(SolutionConfigurationPlatforms) = preSolution
		Debug|Any CPU = Debug|Any CPU
		Release|Any CPU = Release|Any CPU
	EndGlobalSection
	GlobalSection(ProjectConfigurationPlatforms) = postSolution
		{428714E2-18E3-405A-A49C-74E0E443525D}.Debug|Any CPU.ActiveCfg = Debug|Any CPU
		{428714E2-18E3-405A-A49C-74E0E443525D}.Debug|Any CPU.Build.0 = Debug|Any CPU
		{428714E2-18E3-405A-A49C-74E0E443525D}.Release|Any CPU.ActiveCfg = Release|Any CPU
		{428714E2-18E3-405A-A49C-74E0E443525D}.Release|Any CPU.Build.0 = Release|Any CPU
	EndGlobalSection
	GlobalSection(SolutionProperties) = preSolution
		HideSolutionNode = FALSE
	EndGlobalSection
	GlobalSection(ExtensibilityGlobals) = postSolution
		SolutionGuid = {17DE890B-C89F-4556-BE14-360A6CC71E91}
	EndGlobalSection
EndGlobal
