
Microsoft Visual Studio Solution File, Format Version 12.00
# Visual Studio Version 17
VisualStudioVersion = 17.8.34330.188
MinimumVisualStudioVersion = 10.0.40219.1
Project("{FAE04EC0-301F-11D3-BF4B-00C04F79EFBC}") = "Siralama_Algoritmalari", "Siralama_Algoritmalari\Siralama_Algoritmalari.csproj", "{13DDB93C-16CB-4739-BA7D-46859FD99847}"
EndProject
Global
	GlobalSection(SolutionConfigurationPlatforms) = preSolution
		Debug|Any CPU = Debug|Any CPU
		Release|Any CPU = Release|Any CPU
	EndGlobalSection
	GlobalSection(ProjectConfigurationPlatforms) = postSolution
		{13DDB93C-16CB-4739-BA7D-46859FD99847}.Debug|Any CPU.ActiveCfg = Debug|Any CPU
		{13DDB93C-16CB-4739-BA7D-46859FD99847}.Debug|Any CPU.Build.0 = Debug|Any CPU
		{13DDB93C-16CB-4739-BA7D-46859FD99847}.Release|Any CPU.ActiveCfg = Release|Any CPU
		{13DDB93C-16CB-4739-BA7D-46859FD99847}.Release|Any CPU.Build.0 = Release|Any CPU
	EndGlobalSection
	GlobalSection(SolutionProperties) = preSolution
		HideSolutionNode = FALSE
	EndGlobalSection
	GlobalSection(ExtensibilityGlobals) = postSolution
		SolutionGuid = {AD1CD23D-C399-4B04-8A95-67D86BEFABBE}
	EndGlobalSection
EndGlobal
