
Microsoft Visual Studio Solution File, Format Version 12.00
# Visual Studio Version 17
VisualStudioVersion = 17.8.34330.188
MinimumVisualStudioVersion = 10.0.40219.1
Project("{FAE04EC0-301F-11D3-BF4B-00C04F79EFBC}") = "Recursive_uslusayi", "Recursive_uslusayi\Recursive_uslusayi.csproj", "{39EE9FC2-C387-408B-87A1-94EAFDF66616}"
EndProject
Global
	GlobalSection(SolutionConfigurationPlatforms) = preSolution
		Debug|Any CPU = Debug|Any CPU
		Release|Any CPU = Release|Any CPU
	EndGlobalSection
	GlobalSection(ProjectConfigurationPlatforms) = postSolution
		{39EE9FC2-C387-408B-87A1-94EAFDF66616}.Debug|Any CPU.ActiveCfg = Debug|Any CPU
		{39EE9FC2-C387-408B-87A1-94EAFDF66616}.Debug|Any CPU.Build.0 = Debug|Any CPU
		{39EE9FC2-C387-408B-87A1-94EAFDF66616}.Release|Any CPU.ActiveCfg = Release|Any CPU
		{39EE9FC2-C387-408B-87A1-94EAFDF66616}.Release|Any CPU.Build.0 = Release|Any CPU
	EndGlobalSection
	GlobalSection(SolutionProperties) = preSolution
		HideSolutionNode = FALSE
	EndGlobalSection
	GlobalSection(ExtensibilityGlobals) = postSolution
		SolutionGuid = {69A64712-F422-48FA-9E09-CDFFB7BACFC9}
	EndGlobalSection
EndGlobal
